// !$*UTF8*$!
{
	archiveVersion = 1;
	classes = {
	};
	objectVersion = 48;
	objects = {

/* Begin PBXBuildFile section */
		1F087BD71FF523EB00BD5BE2 /* AppDelegate.swift in Sources */ = {isa = PBXBuildFile; fileRef = 1F087BD61FF523EB00BD5BE2 /* AppDelegate.swift */; };
		1F087BD91FF523EB00BD5BE2 /* ViewController.swift in Sources */ = {isa = PBXBuildFile; fileRef = 1F087BD81FF523EB00BD5BE2 /* ViewController.swift */; };
		1F087BDB1FF523EB00BD5BE2 /* Assets.xcassets in Resources */ = {isa = PBXBuildFile; fileRef = 1F087BDA1FF523EB00BD5BE2 /* Assets.xcassets */; };
		1F087BDE1FF523EB00BD5BE2 /* Main.storyboard in Resources */ = {isa = PBXBuildFile; fileRef = 1F087BDC1FF523EB00BD5BE2 /* Main.storyboard */; };
		1F087BEA1FF523EB00BD5BE2 /* Air_Quality_IndexTests.swift in Sources */ = {isa = PBXBuildFile; fileRef = 1F087BE91FF523EB00BD5BE2 /* Air_Quality_IndexTests.swift */; };
		1F087BF51FF523EB00BD5BE2 /* Air_Quality_IndexUITests.swift in Sources */ = {isa = PBXBuildFile; fileRef = 1F087BF41FF523EB00BD5BE2 /* Air_Quality_IndexUITests.swift */; };
/* End PBXBuildFile section */

/* Begin PBXContainerItemProxy section */
		1F087BE61FF523EB00BD5BE2 /* PBXContainerItemProxy */ = {
			isa = PBXContainerItemProxy;
			containerPortal = 1F087BCB1FF523EB00BD5BE2 /* Project object */;
			proxyType = 1;
			remoteGlobalIDString = 1F087BD21FF523EB00BD5BE2;
			remoteInfo = "Air Quality Index";
		};
		1F087BF11FF523EB00BD5BE2 /* PBXContainerItemProxy */ = {
			isa = PBXContainerItemProxy;
			containerPortal = 1F087BCB1FF523EB00BD5BE2 /* Project object */;
			proxyType = 1;
			remoteGlobalIDString = 1F087BD21FF523EB00BD5BE2;
			remoteInfo = "Air Quality Index";
		};
/* End PBXContainerItemProxy section */

/* Begin PBXFileReference section */
		1F087BD31FF523EB00BD5BE2 /* Air Quality Index.app */ = {isa = PBXFileReference; explicitFileType = wrapper.application; includeInIndex = 0; path = "Air Quality Index.app"; sourceTree = BUILT_PRODUCTS_DIR; };
		1F087BD61FF523EB00BD5BE2 /* AppDelegate.swift */ = {isa = PBXFileReference; lastKnownFileType = sourcecode.swift; path = AppDelegate.swift; sourceTree = "<group>"; };
		1F087BD81FF523EB00BD5BE2 /* ViewController.swift */ = {isa = PBXFileReference; lastKnownFileType = sourcecode.swift; path = ViewController.swift; sourceTree = "<group>"; };
		1F087BDA1FF523EB00BD5BE2 /* Assets.xcassets */ = {isa = PBXFileReference; lastKnownFileType = folder.assetcatalog; path = Assets.xcassets; sourceTree = "<group>"; };
		1F087BDD1FF523EB00BD5BE2 /* Base */ = {isa = PBXFileReference; lastKnownFileType = file.storyboard; name = Base; path = Base.lproj/Main.storyboard; sourceTree = "<group>"; };
		1F087BDF1FF523EB00BD5BE2 /* Info.plist */ = {isa = PBXFileReference; lastKnownFileType = text.plist.xml; path = Info.plist; sourceTree = "<group>"; };
		1F087BE01FF523EB00BD5BE2 /* Air_Quality_Index.entitlements */ = {isa = PBXFileReference; lastKnownFileType = text.plist.entitlements; path = Air_Quality_Index.entitlements; sourceTree = "<group>"; };
		1F087BE51FF523EB00BD5BE2 /* Air Quality IndexTests.xctest */ = {isa = PBXFileReference; explicitFileType = wrapper.cfbundle; includeInIndex = 0; path = "Air Quality IndexTests.xctest"; sourceTree = BUILT_PRODUCTS_DIR; };
		1F087BE91FF523EB00BD5BE2 /* Air_Quality_IndexTests.swift */ = {isa = PBXFileReference; lastKnownFileType = sourcecode.swift; path = Air_Quality_IndexTests.swift; sourceTree = "<group>"; };
		1F087BEB1FF523EB00BD5BE2 /* Info.plist */ = {isa = PBXFileReference; lastKnownFileType = text.plist.xml; path = Info.plist; sourceTree = "<group>"; };
		1F087BF01FF523EB00BD5BE2 /* Air Quality IndexUITests.xctest */ = {isa = PBXFileReference; explicitFileType = wrapper.cfbundle; includeInIndex = 0; path = "Air Quality IndexUITests.xctest"; sourceTree = BUILT_PRODUCTS_DIR; };
		1F087BF41FF523EB00BD5BE2 /* Air_Quality_IndexUITests.swift */ = {isa = PBXFileReference; lastKnownFileType = sourcecode.swift; path = Air_Quality_IndexUITests.swift; sourceTree = "<group>"; };
		1F087BF61FF523EB00BD5BE2 /* Info.plist */ = {isa = PBXFileReference; lastKnownFileType = text.plist.xml; path = Info.plist; sourceTree = "<group>"; };
		1F087C021FF524D200BD5BE2 /* README.md */ = {isa = PBXFileReference; fileEncoding = 4; lastKnownFileType = net.daringfireball.markdown; path = README.md; sourceTree = "<group>"; usesTabs = 1; };
		1F087C061FF5295E00BD5BE2 /* .gitignore */ = {isa = PBXFileReference; fileEncoding = 4; lastKnownFileType = text; path = .gitignore; sourceTree = "<group>"; };
		1F5204551FF5445300E2A200 /* _Externals */ = {isa = PBXFileReference; lastKnownFileType = folder; path = _Externals; sourceTree = "<group>"; };
		1F5204571FF5455B00E2A200 /* Air Quality Index.entitlements */ = {isa = PBXFileReference; lastKnownFileType = text.plist.entitlements; path = "Air Quality Index.entitlements"; sourceTree = "<group>"; };
/* End PBXFileReference section */

/* Begin PBXFrameworksBuildPhase section */
		1F087BD01FF523EB00BD5BE2 /* Frameworks */ = {
			isa = PBXFrameworksBuildPhase;
			buildActionMask = 2147483647;
			files = (
			);
			runOnlyForDeploymentPostprocessing = 0;
		};
		1F087BE21FF523EB00BD5BE2 /* Frameworks */ = {
			isa = PBXFrameworksBuildPhase;
			buildActionMask = 2147483647;
			files = (
			);
			runOnlyForDeploymentPostprocessing = 0;
		};
		1F087BED1FF523EB00BD5BE2 /* Frameworks */ = {
			isa = PBXFrameworksBuildPhase;
			buildActionMask = 2147483647;
			files = (
			);
			runOnlyForDeploymentPostprocessing = 0;
		};
/* End PBXFrameworksBuildPhase section */

/* Begin PBXGroup section */
		1F087BCA1FF523EB00BD5BE2 = {
			isa = PBXGroup;
			children = (
				1F5204551FF5445300E2A200 /* _Externals */,
				1F087C061FF5295E00BD5BE2 /* .gitignore */,
				1F087C021FF524D200BD5BE2 /* README.md */,
				1F087BD51FF523EB00BD5BE2 /* Air Quality Index */,
				1F087BE81FF523EB00BD5BE2 /* Air Quality IndexTests */,
				1F087BF31FF523EB00BD5BE2 /* Air Quality IndexUITests */,
				1F087BD41FF523EB00BD5BE2 /* Products */,
			);
			sourceTree = "<group>";
		};
		1F087BD41FF523EB00BD5BE2 /* Products */ = {
			isa = PBXGroup;
			children = (
				1F087BD31FF523EB00BD5BE2 /* Air Quality Index.app */,
				1F087BE51FF523EB00BD5BE2 /* Air Quality IndexTests.xctest */,
				1F087BF01FF523EB00BD5BE2 /* Air Quality IndexUITests.xctest */,
			);
			name = Products;
			sourceTree = "<group>";
		};
		1F087BD51FF523EB00BD5BE2 /* Air Quality Index */ = {
			isa = PBXGroup;
			children = (
				1F5204571FF5455B00E2A200 /* Air Quality Index.entitlements */,
				1F087BD61FF523EB00BD5BE2 /* AppDelegate.swift */,
				1F087BD81FF523EB00BD5BE2 /* ViewController.swift */,
				1F087BDA1FF523EB00BD5BE2 /* Assets.xcassets */,
				1F087BDC1FF523EB00BD5BE2 /* Main.storyboard */,
				1F087BDF1FF523EB00BD5BE2 /* Info.plist */,
				1F087BE01FF523EB00BD5BE2 /* Air_Quality_Index.entitlements */,
			);
			path = "Air Quality Index";
			sourceTree = "<group>";
		};
		1F087BE81FF523EB00BD5BE2 /* Air Quality IndexTests */ = {
			isa = PBXGroup;
			children = (
				1F087BE91FF523EB00BD5BE2 /* Air_Quality_IndexTests.swift */,
				1F087BEB1FF523EB00BD5BE2 /* Info.plist */,
			);
			path = "Air Quality IndexTests";
			sourceTree = "<group>";
		};
		1F087BF31FF523EB00BD5BE2 /* Air Quality IndexUITests */ = {
			isa = PBXGroup;
			children = (
				1F087BF41FF523EB00BD5BE2 /* Air_Quality_IndexUITests.swift */,
				1F087BF61FF523EB00BD5BE2 /* Info.plist */,
			);
			path = "Air Quality IndexUITests";
			sourceTree = "<group>";
		};
/* End PBXGroup section */

/* Begin PBXNativeTarget section */
		1F087BD21FF523EB00BD5BE2 /* Air Quality Index */ = {
			isa = PBXNativeTarget;
			buildConfigurationList = 1F087BF91FF523EB00BD5BE2 /* Build configuration list for PBXNativeTarget "Air Quality Index" */;
			buildPhases = (
				1F087BCF1FF523EB00BD5BE2 /* Sources */,
				1F087BD01FF523EB00BD5BE2 /* Frameworks */,
				1F087BD11FF523EB00BD5BE2 /* Resources */,
			);
			buildRules = (
			);
			dependencies = (
			);
			name = "Air Quality Index";
			productName = "Air Quality Index";
			productReference = 1F087BD31FF523EB00BD5BE2 /* Air Quality Index.app */;
			productType = "com.apple.product-type.application";
		};
		1F087BE41FF523EB00BD5BE2 /* Air Quality IndexTests */ = {
			isa = PBXNativeTarget;
			buildConfigurationList = 1F087BFC1FF523EB00BD5BE2 /* Build configuration list for PBXNativeTarget "Air Quality IndexTests" */;
			buildPhases = (
				1F087BE11FF523EB00BD5BE2 /* Sources */,
				1F087BE21FF523EB00BD5BE2 /* Frameworks */,
				1F087BE31FF523EB00BD5BE2 /* Resources */,
			);
			buildRules = (
			);
			dependencies = (
				1F087BE71FF523EB00BD5BE2 /* PBXTargetDependency */,
			);
			name = "Air Quality IndexTests";
			productName = "Air Quality IndexTests";
			productReference = 1F087BE51FF523EB00BD5BE2 /* Air Quality IndexTests.xctest */;
			productType = "com.apple.product-type.bundle.unit-test";
		};
		1F087BEF1FF523EB00BD5BE2 /* Air Quality IndexUITests */ = {
			isa = PBXNativeTarget;
			buildConfigurationList = 1F087BFF1FF523EB00BD5BE2 /* Build configuration list for PBXNativeTarget "Air Quality IndexUITests" */;
			buildPhases = (
				1F087BEC1FF523EB00BD5BE2 /* Sources */,
				1F087BED1FF523EB00BD5BE2 /* Frameworks */,
				1F087BEE1FF523EB00BD5BE2 /* Resources */,
			);
			buildRules = (
			);
			dependencies = (
				1F087BF21FF523EB00BD5BE2 /* PBXTargetDependency */,
			);
			name = "Air Quality IndexUITests";
			productName = "Air Quality IndexUITests";
			productReference = 1F087BF01FF523EB00BD5BE2 /* Air Quality IndexUITests.xctest */;
			productType = "com.apple.product-type.bundle.ui-testing";
		};
/* End PBXNativeTarget section */

/* Begin PBXProject section */
		1F087BCB1FF523EB00BD5BE2 /* Project object */ = {
			isa = PBXProject;
			attributes = {
				LastSwiftUpdateCheck = 0900;
				LastUpgradeCheck = 0900;
				ORGANIZATIONNAME = DNE;
				TargetAttributes = {
					1F087BD21FF523EB00BD5BE2 = {
						CreatedOnToolsVersion = 9.0.1;
						ProvisioningStyle = Automatic;
						SystemCapabilities = {
							com.apple.ApplicationGroups.Mac = {
								enabled = 0;
							};
						};
					};
					1F087BE41FF523EB00BD5BE2 = {
						CreatedOnToolsVersion = 9.0.1;
						ProvisioningStyle = Automatic;
						TestTargetID = 1F087BD21FF523EB00BD5BE2;
					};
					1F087BEF1FF523EB00BD5BE2 = {
						CreatedOnToolsVersion = 9.0.1;
						ProvisioningStyle = Automatic;
						TestTargetID = 1F087BD21FF523EB00BD5BE2;
					};
				};
			};
			buildConfigurationList = 1F087BCE1FF523EB00BD5BE2 /* Build configuration list for PBXProject "Air Quality Index" */;
			compatibilityVersion = "Xcode 8.0";
			developmentRegion = en;
			hasScannedForEncodings = 0;
			knownRegions = (
				en,
				Base,
			);
			mainGroup = 1F087BCA1FF523EB00BD5BE2;
			productRefGroup = 1F087BD41FF523EB00BD5BE2 /* Products */;
			projectDirPath = "";
			projectRoot = "";
			targets = (
				1F087BD21FF523EB00BD5BE2 /* Air Quality Index */,
				1F087BE41FF523EB00BD5BE2 /* Air Quality IndexTests */,
				1F087BEF1FF523EB00BD5BE2 /* Air Quality IndexUITests */,
			);
		};
/* End PBXProject section */

/* Begin PBXResourcesBuildPhase section */
		1F087BD11FF523EB00BD5BE2 /* Resources */ = {
			isa = PBXResourcesBuildPhase;
			buildActionMask = 2147483647;
			files = (
				1F087BDB1FF523EB00BD5BE2 /* Assets.xcassets in Resources */,
				1F087BDE1FF523EB00BD5BE2 /* Main.storyboard in Resources */,
			);
			runOnlyForDeploymentPostprocessing = 0;
		};
		1F087BE31FF523EB00BD5BE2 /* Resources */ = {
			isa = PBXResourcesBuildPhase;
			buildActionMask = 2147483647;
			files = (
			);
			runOnlyForDeploymentPostprocessing = 0;
		};
		1F087BEE1FF523EB00BD5BE2 /* Resources */ = {
			isa = PBXResourcesBuildPhase;
			buildActionMask = 2147483647;
			files = (
			);
			runOnlyForDeploymentPostprocessing = 0;
		};
/* End PBXResourcesBuildPhase section */

/* Begin PBXSourcesBuildPhase section */
		1F087BCF1FF523EB00BD5BE2 /* Sources */ = {
			isa = PBXSourcesBuildPhase;
			buildActionMask = 2147483647;
			files = (
				1F087BD91FF523EB00BD5BE2 /* ViewController.swift in Sources */,
				1F087BD71FF523EB00BD5BE2 /* AppDelegate.swift in Sources */,
			);
			runOnlyForDeploymentPostprocessing = 0;
		};
		1F087BE11FF523EB00BD5BE2 /* Sources */ = {
			isa = PBXSourcesBuildPhase;
			buildActionMask = 2147483647;
			files = (
				1F087BEA1FF523EB00BD5BE2 /* Air_Quality_IndexTests.swift in Sources */,
			);
			runOnlyForDeploymentPostprocessing = 0;
		};
		1F087BEC1FF523EB00BD5BE2 /* Sources */ = {
			isa = PBXSourcesBuildPhase;
			buildActionMask = 2147483647;
			files = (
				1F087BF51FF523EB00BD5BE2 /* Air_Quality_IndexUITests.swift in Sources */,
			);
			runOnlyForDeploymentPostprocessing = 0;
		};
/* End PBXSourcesBuildPhase section */

/* Begin PBXTargetDependency section */
		1F087BE71FF523EB00BD5BE2 /* PBXTargetDependency */ = {
			isa = PBXTargetDependency;
			target = 1F087BD21FF523EB00BD5BE2 /* Air Quality Index */;
			targetProxy = 1F087BE61FF523EB00BD5BE2 /* PBXContainerItemProxy */;
		};
		1F087BF21FF523EB00BD5BE2 /* PBXTargetDependency */ = {
			isa = PBXTargetDependency;
			target = 1F087BD21FF523EB00BD5BE2 /* Air Quality Index */;
			targetProxy = 1F087BF11FF523EB00BD5BE2 /* PBXContainerItemProxy */;
		};
/* End PBXTargetDependency section */

/* Begin PBXVariantGroup section */
		1F087BDC1FF523EB00BD5BE2 /* Main.storyboard */ = {
			isa = PBXVariantGroup;
			children = (
				1F087BDD1FF523EB00BD5BE2 /* Base */,
			);
			name = Main.storyboard;
			sourceTree = "<group>";
		};
/* End PBXVariantGroup section */

/* Begin XCBuildConfiguration section */
		1F087BF71FF523EB00BD5BE2 /* Debug */ = {
			isa = XCBuildConfiguration;
			buildSettings = {
				ALWAYS_SEARCH_USER_PATHS = NO;
				CLANG_ANALYZER_NONNULL = YES;
				CLANG_ANALYZER_NUMBER_OBJECT_CONVERSION = YES_AGGRESSIVE;
				CLANG_CXX_LANGUAGE_STANDARD = "gnu++14";
				CLANG_CXX_LIBRARY = "libc++";
				CLANG_ENABLE_MODULES = YES;
				CLANG_ENABLE_OBJC_ARC = YES;
				CLANG_WARN_BLOCK_CAPTURE_AUTORELEASING = YES;
				CLANG_WARN_BOOL_CONVERSION = YES;
				CLANG_WARN_COMMA = YES;
				CLANG_WARN_CONSTANT_CONVERSION = YES;
				CLANG_WARN_DIRECT_OBJC_ISA_USAGE = YES_ERROR;
				CLANG_WARN_DOCUMENTATION_COMMENTS = YES;
				CLANG_WARN_EMPTY_BODY = YES;
				CLANG_WARN_ENUM_CONVERSION = YES;
				CLANG_WARN_INFINITE_RECURSION = YES;
				CLANG_WARN_INT_CONVERSION = YES;
				CLANG_WARN_NON_LITERAL_NULL_CONVERSION = YES;
				CLANG_WARN_OBJC_LITERAL_CONVERSION = YES;
				CLANG_WARN_OBJC_ROOT_CLASS = YES_ERROR;
				CLANG_WARN_RANGE_LOOP_ANALYSIS = YES;
				CLANG_WARN_STRICT_PROTOTYPES = YES;
				CLANG_WARN_SUSPICIOUS_MOVE = YES;
				CLANG_WARN_UNGUARDED_AVAILABILITY = YES_AGGRESSIVE;
				CLANG_WARN_UNREACHABLE_CODE = YES;
				CLANG_WARN__DUPLICATE_METHOD_MATCH = YES;
				CODE_SIGN_IDENTITY = "Mac Developer";
				COPY_PHASE_STRIP = NO;
				DEBUG_INFORMATION_FORMAT = dwarf;
				ENABLE_STRICT_OBJC_MSGSEND = YES;
				ENABLE_TESTABILITY = YES;
				GCC_C_LANGUAGE_STANDARD = gnu11;
				GCC_DYNAMIC_NO_PIC = NO;
				GCC_NO_COMMON_BLOCKS = YES;
				GCC_OPTIMIZATION_LEVEL = 0;
				GCC_PREPROCESSOR_DEFINITIONS = (
					"DEBUG=1",
					"$(inherited)",
				);
				GCC_WARN_64_TO_32_BIT_CONVERSION = YES;
				GCC_WARN_ABOUT_RETURN_TYPE = YES_ERROR;
				GCC_WARN_UNDECLARED_SELECTOR = YES;
				GCC_WARN_UNINITIALIZED_AUTOS = YES_AGGRESSIVE;
				GCC_WARN_UNUSED_FUNCTION = YES;
				GCC_WARN_UNUSED_VARIABLE = YES;
				MACOSX_DEPLOYMENT_TARGET = 10.13;
				MTL_ENABLE_DEBUG_INFO = YES;
				ONLY_ACTIVE_ARCH = YES;
				SDKROOT = macosx;
				SWIFT_ACTIVE_COMPILATION_CONDITIONS = DEBUG;
				SWIFT_OPTIMIZATION_LEVEL = "-Onone";
			};
			name = Debug;
		};
		1F087BF81FF523EB00BD5BE2 /* Release */ = {
			isa = XCBuildConfiguration;
			buildSettings = {
				ALWAYS_SEARCH_USER_PATHS = NO;
				CLANG_ANALYZER_NONNULL = YES;
				CLANG_ANALYZER_NUMBER_OBJECT_CONVERSION = YES_AGGRESSIVE;
				CLANG_CXX_LANGUAGE_STANDARD = "gnu++14";
				CLANG_CXX_LIBRARY = "libc++";
				CLANG_ENABLE_MODULES = YES;
				CLANG_ENABLE_OBJC_ARC = YES;
				CLANG_WARN_BLOCK_CAPTURE_AUTORELEASING = YES;
				CLANG_WARN_BOOL_CONVERSION = YES;
				CLANG_WARN_COMMA = YES;
				CLANG_WARN_CONSTANT_CONVERSION = YES;
				CLANG_WARN_DIRECT_OBJC_ISA_USAGE = YES_ERROR;
				CLANG_WARN_DOCUMENTATION_COMMENTS = YES;
				CLANG_WARN_EMPTY_BODY = YES;
				CLANG_WARN_ENUM_CONVERSION = YES;
				CLANG_WARN_INFINITE_RECURSION = YES;
				CLANG_WARN_INT_CONVERSION = YES;
				CLANG_WARN_NON_LITERAL_NULL_CONVERSION = YES;
				CLANG_WARN_OBJC_LITERAL_CONVERSION = YES;
				CLANG_WARN_OBJC_ROOT_CLASS = YES_ERROR;
				CLANG_WARN_RANGE_LOOP_ANALYSIS = YES;
				CLANG_WARN_STRICT_PROTOTYPES = YES;
				CLANG_WARN_SUSPICIOUS_MOVE = YES;
				CLANG_WARN_UNGUARDED_AVAILABILITY = YES_AGGRESSIVE;
				CLANG_WARN_UNREACHABLE_CODE = YES;
				CLANG_WARN__DUPLICATE_METHOD_MATCH = YES;
				CODE_SIGN_IDENTITY = "Mac Developer";
				COPY_PHASE_STRIP = NO;
				DEBUG_INFORMATION_FORMAT = "dwarf-with-dsym";
				ENABLE_NS_ASSERTIONS = NO;
				ENABLE_STRICT_OBJC_MSGSEND = YES;
				GCC_C_LANGUAGE_STANDARD = gnu11;
				GCC_NO_COMMON_BLOCKS = YES;
				GCC_WARN_64_TO_32_BIT_CONVERSION = YES;
				GCC_WARN_ABOUT_RETURN_TYPE = YES_ERROR;
				GCC_WARN_UNDECLARED_SELECTOR = YES;
				GCC_WARN_UNINITIALIZED_AUTOS = YES_AGGRESSIVE;
				GCC_WARN_UNUSED_FUNCTION = YES;
				GCC_WARN_UNUSED_VARIABLE = YES;
				MACOSX_DEPLOYMENT_TARGET = 10.13;
				MTL_ENABLE_DEBUG_INFO = NO;
				SDKROOT = macosx;
				SWIFT_OPTIMIZATION_LEVEL = "-Owholemodule";
			};
			name = Release;
		};
		1F087BFA1FF523EB00BD5BE2 /* Debug */ = {
			isa = XCBuildConfiguration;
			buildSettings = {
				ASSETCATALOG_COMPILER_APPICON_NAME = AQI_Icon;
				CODE_SIGN_ENTITLEMENTS = "Air Quality Index/Air Quality Index.entitlements";
				CODE_SIGN_STYLE = Automatic;
				COMBINE_HIDPI_IMAGES = YES;
				DEVELOPMENT_TEAM = 2CAUL7YZXG;
				INFOPLIST_FILE = "Air Quality Index/Info.plist";
				LD_RUNPATH_SEARCH_PATHS = "$(inherited) @executable_path/../Frameworks";
				PRODUCT_BUNDLE_IDENTIFIER = dne.AirQualityIndex;
				PRODUCT_NAME = "$(TARGET_NAME)";
				SWIFT_VERSION = 4.0;
			};
			name = Debug;
		};
		1F087BFB1FF523EB00BD5BE2 /* Release */ = {
			isa = XCBuildConfiguration;
			buildSettings = {
				ASSETCATALOG_COMPILER_APPICON_NAME = AQI_Icon;
				CODE_SIGN_ENTITLEMENTS = "Air Quality Index/Air Quality Index.entitlements";
				CODE_SIGN_STYLE = Automatic;
				COMBINE_HIDPI_IMAGES = YES;
				DEVELOPMENT_TEAM = 2CAUL7YZXG;
				INFOPLIST_FILE = "Air Quality Index/Info.plist";
				LD_RUNPATH_SEARCH_PATHS = "$(inherited) @executable_path/../Frameworks";
				PRODUCT_BUNDLE_IDENTIFIER = dne.AirQualityIndex;
				PRODUCT_NAME = "$(TARGET_NAME)";
				SWIFT_VERSION = 4.0;
			};
			name = Release;
		};
		1F087BFD1FF523EB00BD5BE2 /* Debug */ = {
			isa = XCBuildConfiguration;
			buildSettings = {
				ALWAYS_EMBED_SWIFT_STANDARD_LIBRARIES = YES;
				BUNDLE_LOADER = "$(TEST_HOST)";
				CODE_SIGN_STYLE = Automatic;
				COMBINE_HIDPI_IMAGES = YES;
				DEVELOPMENT_TEAM = 2CAUL7YZXG;
				INFOPLIST_FILE = "Air Quality IndexTests/Info.plist";
				LD_RUNPATH_SEARCH_PATHS = "$(inherited) @executable_path/../Frameworks @loader_path/../Frameworks";
				PRODUCT_BUNDLE_IDENTIFIER = "dne.Air-Quality-IndexTests";
				PRODUCT_NAME = "$(TARGET_NAME)";
				SWIFT_VERSION = 4.0;
				TEST_HOST = "$(BUILT_PRODUCTS_DIR)/Air Quality Index.app/Contents/MacOS/Air Quality Index";
			};
			name = Debug;
		};
		1F087BFE1FF523EB00BD5BE2 /* Release */ = {
			isa = XCBuildConfiguration;
			buildSettings = {
				ALWAYS_EMBED_SWIFT_STANDARD_LIBRARIES = YES;
				BUNDLE_LOADER = "$(TEST_HOST)";
				CODE_SIGN_STYLE = Automatic;
				COMBINE_HIDPI_IMAGES = YES;
				DEVELOPMENT_TEAM = 2CAUL7YZXG;
				INFOPLIST_FILE = "Air Quality IndexTests/Info.plist";
				LD_RUNPATH_SEARCH_PATHS = "$(inherited) @executable_path/../Frameworks @loader_path/../Frameworks";
				PRODUCT_BUNDLE_IDENTIFIER = "dne.Air-Quality-IndexTests";
				PRODUCT_NAME = "$(TARGET_NAME)";
				SWIFT_VERSION = 4.0;
				TEST_HOST = "$(BUILT_PRODUCTS_DIR)/Air Quality Index.app/Contents/MacOS/Air Quality Index";
			};
			name = Release;
		};
		1F087C001FF523EB00BD5BE2 /* Debug */ = {
			isa = XCBuildConfiguration;
			buildSettings = {
				ALWAYS_EMBED_SWIFT_STANDARD_LIBRARIES = YES;
				CODE_SIGN_STYLE = Automatic;
				COMBINE_HIDPI_IMAGES = YES;
				DEVELOPMENT_TEAM = 2CAUL7YZXG;
				INFOPLIST_FILE = "Air Quality IndexUITests/Info.plist";
				LD_RUNPATH_SEARCH_PATHS = "$(inherited) @executable_path/../Frameworks @loader_path/../Frameworks";
				PRODUCT_BUNDLE_IDENTIFIER = "dne.Air-Quality-IndexUITests";
				PRODUCT_NAME = "$(TARGET_NAME)";
				SWIFT_VERSION = 4.0;
				TEST_TARGET_NAME = "Air Quality Index";
			};
			name = Debug;
		};
		1F087C011FF523EB00BD5BE2 /* Release */ = {
			isa = XCBuildConfiguration;
			buildSettings = {
				ALWAYS_EMBED_SWIFT_STANDARD_LIBRARIES = YES;
				CODE_SIGN_STYLE = Automatic;
				COMBINE_HIDPI_IMAGES = YES;
				DEVELOPMENT_TEAM = 2CAUL7YZXG;
				INFOPLIST_FILE = "Air Quality IndexUITests/Info.plist";
				LD_RUNPATH_SEARCH_PATHS = "$(inherited) @executable_path/../Frameworks @loader_path/../Frameworks";
				PRODUCT_BUNDLE_IDENTIFIER = "dne.Air-Quality-IndexUITests";
				PRODUCT_NAME = "$(TARGET_NAME)";
				SWIFT_VERSION = 4.0;
				TEST_TARGET_NAME = "Air Quality Index";
			};
			name = Release;
		};
/* End XCBuildConfiguration section */

/* Begin XCConfigurationList section */
		1F087BCE1FF523EB00BD5BE2 /* Build configuration list for PBXProject "Air Quality Index" */ = {
			isa = XCConfigurationList;
			buildConfigurations = (
				1F087BF71FF523EB00BD5BE2 /* Debug */,
				1F087BF81FF523EB00BD5BE2 /* Release */,
			);
			defaultConfigurationIsVisible = 0;
			defaultConfigurationName = Release;
		};
		1F087BF91FF523EB00BD5BE2 /* Build configuration list for PBXNativeTarget "Air Quality Index" */ = {
			isa = XCConfigurationList;
			buildConfigurations = (
				1F087BFA1FF523EB00BD5BE2 /* Debug */,
				1F087BFB1FF523EB00BD5BE2 /* Release */,
			);
			defaultConfigurationIsVisible = 0;
			defaultConfigurationName = Release;
		};
		1F087BFC1FF523EB00BD5BE2 /* Build configuration list for PBXNativeTarget "Air Quality IndexTests" */ = {
			isa = XCConfigurationList;
			buildConfigurations = (
				1F087BFD1FF523EB00BD5BE2 /* Debug */,
				1F087BFE1FF523EB00BD5BE2 /* Release */,
			);
			defaultConfigurationIsVisible = 0;
			defaultConfigurationName = Release;
		};
		1F087BFF1FF523EB00BD5BE2 /* Build configuration list for PBXNativeTarget "Air Quality IndexUITests" */ = {
			isa = XCConfigurationList;
			buildConfigurations = (
				1F087C001FF523EB00BD5BE2 /* Debug */,
				1F087C011FF523EB00BD5BE2 /* Release */,
			);
			defaultConfigurationIsVisible = 0;
			defaultConfigurationName = Release;
		};
/* End XCConfigurationList section */
	};
	rootObject = 1F087BCB1FF523EB00BD5BE2 /* Project object */;
}
